
Microsoft Visual Studio Solution File, Format Version 12.00
# Visual Studio Version 17
VisualStudioVersion = 17.5.33516.290
MinimumVisualStudioVersion = 10.0.40219.1
Project("{9A19103F-16F7-4668-BE54-9A1E7A4F7556}") = "InstantiableAbstractClass", "InstantiableAbstractClass\InstantiableAbstractClass.csproj", "{432D6F6D-F01A-4A08-BC46-E23C6FDF0EDA}"
EndProject
Project("{FAE04EC0-301F-11D3-BF4B-00C04F79EFBC}") = "InstantiableAbstractClassDotNetFramework", "InstantiableAbstractClassDotNetFramework\InstantiableAbstractClassDotNetFramework.csproj", "{B06631C6-C3E9-46D5-B635-0C138EA8D263}"
EndProject
Project("{FAE04EC0-301F-11D3-BF4B-00C04F79EFBC}") = "AbstractClassLibrary", "AbstractClassLibrary\AbstractClassLibrary.csproj", "{04491D69-2C63-4593-A890-A39F158B9AD9}"
EndProject
Global
	GlobalSection(SolutionConfigurationPlatforms) = preSolution
		Debug|Any CPU = Debug|Any CPU
		Release|Any CPU = Release|Any CPU
	EndGlobalSection
	GlobalSection(ProjectConfigurationPlatforms) = postSolution
		{432D6F6D-F01A-4A08-BC46-E23C6FDF0EDA}.Debug|Any CPU.ActiveCfg = Debug|Any CPU
		{432D6F6D-F01A-4A08-BC46-E23C6FDF0EDA}.Debug|Any CPU.Build.0 = Debug|Any CPU
		{432D6F6D-F01A-4A08-BC46-E23C6FDF0EDA}.Release|Any CPU.ActiveCfg = Release|Any CPU
		{432D6F6D-F01A-4A08-BC46-E23C6FDF0EDA}.Release|Any CPU.Build.0 = Release|Any CPU
		{B06631C6-C3E9-46D5-B635-0C138EA8D263}.Debug|Any CPU.ActiveCfg = Debug|Any CPU
		{B06631C6-C3E9-46D5-B635-0C138EA8D263}.Debug|Any CPU.Build.0 = Debug|Any CPU
		{B06631C6-C3E9-46D5-B635-0C138EA8D263}.Release|Any CPU.ActiveCfg = Release|Any CPU
		{B06631C6-C3E9-46D5-B635-0C138EA8D263}.Release|Any CPU.Build.0 = Release|Any CPU
		{04491D69-2C63-4593-A890-A39F158B9AD9}.Debug|Any CPU.ActiveCfg = Debug|Any CPU
		{04491D69-2C63-4593-A890-A39F158B9AD9}.Debug|Any CPU.Build.0 = Debug|Any CPU
		{04491D69-2C63-4593-A890-A39F158B9AD9}.Release|Any CPU.ActiveCfg = Release|Any CPU
		{04491D69-2C63-4593-A890-A39F158B9AD9}.Release|Any CPU.Build.0 = Release|Any CPU
	EndGlobalSection
	GlobalSection(SolutionProperties) = preSolution
		HideSolutionNode = FALSE
	EndGlobalSection
	GlobalSection(ExtensibilityGlobals) = postSolution
		SolutionGuid = {81E567B2-513C-47AA-9FED-05EB83ECBEA4}
	EndGlobalSection
EndGlobal
